
Microsoft Visual Studio Solution File, Format Version 12.00
# Visual Studio 2012
Project("{FAE04EC0-301F-11D3-BF4B-00C04F79EFBC}") = "RemainsTest", "RemainsTest.csproj", "{CF11318C-8124-44E4-A50A-92E3C9D9F642}"
EndProject
Project("{FAE04EC0-301F-11D3-BF4B-00C04F79EFBC}") = "OnlineRemains", "OnlineRemains\OnlineRemains.csproj", "{AAF30306-39DB-4F24-BCA4-D345C35BC1C1}"
EndProject
Global
	GlobalSection(SolutionConfigurationPlatforms) = preSolution
		Debug|Any CPU = Debug|Any CPU
		Release|Any CPU = Release|Any CPU
	EndGlobalSection
	GlobalSection(ProjectConfigurationPlatforms) = postSolution
		{CF11318C-8124-44E4-A50A-92E3C9D9F642}.Debug|Any CPU.ActiveCfg = Debug|Any CPU
		{CF11318C-8124-44E4-A50A-92E3C9D9F642}.Debug|Any CPU.Build.0 = Debug|Any CPU
		{CF11318C-8124-44E4-A50A-92E3C9D9F642}.Release|Any CPU.ActiveCfg = Release|Any CPU
		{CF11318C-8124-44E4-A50A-92E3C9D9F642}.Release|Any CPU.Build.0 = Release|Any CPU
		{AAF30306-39DB-4F24-BCA4-D345C35BC1C1}.Debug|Any CPU.ActiveCfg = Debug|Any CPU
		{AAF30306-39DB-4F24-BCA4-D345C35BC1C1}.Debug|Any CPU.Build.0 = Debug|Any CPU
		{AAF30306-39DB-4F24-BCA4-D345C35BC1C1}.Release|Any CPU.ActiveCfg = Release|Any CPU
		{AAF30306-39DB-4F24-BCA4-D345C35BC1C1}.Release|Any CPU.Build.0 = Release|Any CPU
	EndGlobalSection
	GlobalSection(SolutionProperties) = preSolution
		HideSolutionNode = FALSE
	EndGlobalSection
EndGlobal
